{
  "name": "data",
  "lockfileVersion": 3,
  "requires": true,
  "packages": {
    "": {
      "dependencies": {
        "@wise-old-man/utils": "^4.0.8",
        "dotenv": "^17.2.3"
      }
    },
    "node_modules/@wise-old-man/utils": {
      "version": "4.0.8",
      "resolved": "https://registry.npmjs.org/@wise-old-man/utils/-/utils-4.0.8.tgz",
      "integrity": "sha512-ruHwUSVAVeXOSjgyLR4bOXeADfXMxsMPoHr4ercnoRidWtuJEIwhcrxSOYlPTzJTM6Z4AwksbL5Z/iafQGT5EA==",
      "license": "ISC"
    },
    "node_modules/dotenv": {
      "version": "17.2.3",
      "resolved": "https://registry.npmjs.org/dotenv/-/dotenv-17.2.3.tgz",
      "integrity": "sha512-JVUnt+DUIzu87TABbhPmNfVdBDt18BLOWjMUFJMSi/Qqg7NTYtabbvSNJGOJ7afbRuv9D/lngizHtP7QyLQ+9w==",
      "license": "BSD-2-Clause",
      "engines": {
        "node": ">=12"
      },
      "funding": {
        "url": "https://dotenvx.com"
      }
    }
  }
}
